
Microsoft Visual Studio Solution File, Format Version 12.00
# Visual Studio Version 16
VisualStudioVersion = 16.0.31911.196
MinimumVisualStudioVersion = 10.0.40219.1
Project("{9A19103F-16F7-4668-BE54-9A1E7A4F7556}") = "EventRegistration.Server", "EventRegistration\Server\EventRegistration.Server.csproj", "{8E7593BC-1AF0-44CC-82ED-14AE0E7A9951}"
EndProject
Project("{9A19103F-16F7-4668-BE54-9A1E7A4F7556}") = "EventRegistration.Client", "EventRegistration\Client\EventRegistration.Client.csproj", "{AB1F6217-23DE-437C-9728-DA112794F8B3}"
EndProject
Project("{9A19103F-16F7-4668-BE54-9A1E7A4F7556}") = "EventRegistration.Shared", "EventRegistration\Shared\EventRegistration.Shared.csproj", "{55912A44-F4B0-4C24-9945-7606AD6EB578}"
EndProject
Global
	GlobalSection(SolutionConfigurationPlatforms) = preSolution
		Debug|Any CPU = Debug|Any CPU
		Release|Any CPU = Release|Any CPU
	EndGlobalSection
	GlobalSection(ProjectConfigurationPlatforms) = postSolution
		{8E7593BC-1AF0-44CC-82ED-14AE0E7A9951}.Debug|Any CPU.ActiveCfg = Debug|Any CPU
		{8E7593BC-1AF0-44CC-82ED-14AE0E7A9951}.Debug|Any CPU.Build.0 = Debug|Any CPU
		{8E7593BC-1AF0-44CC-82ED-14AE0E7A9951}.Release|Any CPU.ActiveCfg = Release|Any CPU
		{8E7593BC-1AF0-44CC-82ED-14AE0E7A9951}.Release|Any CPU.Build.0 = Release|Any CPU
		{AB1F6217-23DE-437C-9728-DA112794F8B3}.Debug|Any CPU.ActiveCfg = Debug|Any CPU
		{AB1F6217-23DE-437C-9728-DA112794F8B3}.Debug|Any CPU.Build.0 = Debug|Any CPU
		{AB1F6217-23DE-437C-9728-DA112794F8B3}.Release|Any CPU.ActiveCfg = Release|Any CPU
		{AB1F6217-23DE-437C-9728-DA112794F8B3}.Release|Any CPU.Build.0 = Release|Any CPU
		{55912A44-F4B0-4C24-9945-7606AD6EB578}.Debug|Any CPU.ActiveCfg = Debug|Any CPU
		{55912A44-F4B0-4C24-9945-7606AD6EB578}.Debug|Any CPU.Build.0 = Debug|Any CPU
		{55912A44-F4B0-4C24-9945-7606AD6EB578}.Release|Any CPU.ActiveCfg = Release|Any CPU
		{55912A44-F4B0-4C24-9945-7606AD6EB578}.Release|Any CPU.Build.0 = Release|Any CPU
	EndGlobalSection
	GlobalSection(SolutionProperties) = preSolution
		HideSolutionNode = FALSE
	EndGlobalSection
	GlobalSection(ExtensibilityGlobals) = postSolution
		SolutionGuid = {481F059C-1D0C-4A9F-BDAF-3D788BC12C67}
	EndGlobalSection
EndGlobal
